
Microsoft Visual Studio Solution File, Format Version 12.00
# Visual Studio Version 17
VisualStudioVersion = 17.9.34723.18
MinimumVisualStudioVersion = 10.0.40219.1
Project("{9A19103F-16F7-4668-BE54-9A1E7A4F7556}") = "StringClassPractice", "StringClassPractice\StringClassPractice.csproj", "{684881C0-42F0-4A47-AF74-F0F2FC10E8EF}"
EndProject
Project("{9A19103F-16F7-4668-BE54-9A1E7A4F7556}") = "StringClassPracticeTests", "TwineTest\StringClassPracticeTests.csproj", "{10FAA0BE-B385-4E58-A92E-3786D5C71728}"
EndProject
Global
	GlobalSection(SolutionConfigurationPlatforms) = preSolution
		Debug|Any CPU = Debug|Any CPU
		Release|Any CPU = Release|Any CPU
	EndGlobalSection
	GlobalSection(ProjectConfigurationPlatforms) = postSolution
		{684881C0-42F0-4A47-AF74-F0F2FC10E8EF}.Debug|Any CPU.ActiveCfg = Debug|Any CPU
		{684881C0-42F0-4A47-AF74-F0F2FC10E8EF}.Debug|Any CPU.Build.0 = Debug|Any CPU
		{684881C0-42F0-4A47-AF74-F0F2FC10E8EF}.Release|Any CPU.ActiveCfg = Release|Any CPU
		{684881C0-42F0-4A47-AF74-F0F2FC10E8EF}.Release|Any CPU.Build.0 = Release|Any CPU
		{10FAA0BE-B385-4E58-A92E-3786D5C71728}.Debug|Any CPU.ActiveCfg = Debug|Any CPU
		{10FAA0BE-B385-4E58-A92E-3786D5C71728}.Debug|Any CPU.Build.0 = Debug|Any CPU
		{10FAA0BE-B385-4E58-A92E-3786D5C71728}.Release|Any CPU.ActiveCfg = Release|Any CPU
		{10FAA0BE-B385-4E58-A92E-3786D5C71728}.Release|Any CPU.Build.0 = Release|Any CPU
	EndGlobalSection
	GlobalSection(SolutionProperties) = preSolution
		HideSolutionNode = FALSE
	EndGlobalSection
	GlobalSection(ExtensibilityGlobals) = postSolution
		SolutionGuid = {AD63816C-FBBC-4E35-9AF8-133B4B2F1DEE}
	EndGlobalSection
EndGlobal
